
Microsoft Visual Studio Solution File, Format Version 12.00
# Visual Studio Version 16
VisualStudioVersion = 16.0.30413.136
MinimumVisualStudioVersion = 10.0.40219.1
Project("{9A19103F-16F7-4668-BE54-9A1E7A4F7556}") = "Homework7", "src\Homework7\Homework7\Homework7.csproj", "{6680BA9A-A67C-444C-A13F-7E32681A2F51}"
EndProject
Global
	GlobalSection(SolutionConfigurationPlatforms) = preSolution
		Debug|Any CPU = Debug|Any CPU
		Release|Any CPU = Release|Any CPU
	EndGlobalSection
	GlobalSection(ProjectConfigurationPlatforms) = postSolution
		{6680BA9A-A67C-444C-A13F-7E32681A2F51}.Debug|Any CPU.ActiveCfg = Debug|Any CPU
		{6680BA9A-A67C-444C-A13F-7E32681A2F51}.Debug|Any CPU.Build.0 = Debug|Any CPU
		{6680BA9A-A67C-444C-A13F-7E32681A2F51}.Release|Any CPU.ActiveCfg = Release|Any CPU
		{6680BA9A-A67C-444C-A13F-7E32681A2F51}.Release|Any CPU.Build.0 = Release|Any CPU
	EndGlobalSection
	GlobalSection(SolutionProperties) = preSolution
		HideSolutionNode = FALSE
	EndGlobalSection
	GlobalSection(ExtensibilityGlobals) = postSolution
		SolutionGuid = {049E0938-D9E6-46F8-B61E-5E3A78C699D2}
	EndGlobalSection
EndGlobal
